
Microsoft Visual Studio Solution File, Format Version 12.00
# Visual Studio Version 17
VisualStudioVersion = 17.9.34714.143
MinimumVisualStudioVersion = 10.0.40219.1
Project("{FAE04EC0-301F-11D3-BF4B-00C04F79EFBC}") = "NumberSplit", "NumberSplit\NumberSplit.csproj", "{1BCBD2BE-3F91-4EE0-8EA0-7709128D037C}"
EndProject
Project("{FAE04EC0-301F-11D3-BF4B-00C04F79EFBC}") = "NumberSplit.Contracts", "NumberSplit.Contracts\NumberSplit.Contracts.csproj", "{F54F90C6-FF86-4A6C-B275-BFBAE118F38A}"
EndProject
Project("{FAE04EC0-301F-11D3-BF4B-00C04F79EFBC}") = "NumberSplit.Tests", "NumberSplit.Tests\NumberSplit.Tests.csproj", "{6232E9A7-5C7C-4F41-A7C9-28B2A4AECDBC}"
EndProject
Project("{9A19103F-16F7-4668-BE54-9A1E7A4F7556}") = "CodelutionXUnitTestFramework", "CodelutionXUnitTestFramework\CodelutionXUnitTestFramework.csproj", "{B617E745-0E1B-4A36-AF93-A4716FC354D7}"
EndProject
Global
	GlobalSection(SolutionConfigurationPlatforms) = preSolution
		Debug|Any CPU = Debug|Any CPU
		Release|Any CPU = Release|Any CPU
	EndGlobalSection
	GlobalSection(ProjectConfigurationPlatforms) = postSolution
		{1BCBD2BE-3F91-4EE0-8EA0-7709128D037C}.Debug|Any CPU.ActiveCfg = Debug|Any CPU
		{1BCBD2BE-3F91-4EE0-8EA0-7709128D037C}.Debug|Any CPU.Build.0 = Debug|Any CPU
		{1BCBD2BE-3F91-4EE0-8EA0-7709128D037C}.Release|Any CPU.ActiveCfg = Release|Any CPU
		{1BCBD2BE-3F91-4EE0-8EA0-7709128D037C}.Release|Any CPU.Build.0 = Release|Any CPU
		{F54F90C6-FF86-4A6C-B275-BFBAE118F38A}.Debug|Any CPU.ActiveCfg = Debug|Any CPU
		{F54F90C6-FF86-4A6C-B275-BFBAE118F38A}.Debug|Any CPU.Build.0 = Debug|Any CPU
		{F54F90C6-FF86-4A6C-B275-BFBAE118F38A}.Release|Any CPU.ActiveCfg = Release|Any CPU
		{F54F90C6-FF86-4A6C-B275-BFBAE118F38A}.Release|Any CPU.Build.0 = Release|Any CPU
		{6232E9A7-5C7C-4F41-A7C9-28B2A4AECDBC}.Debug|Any CPU.ActiveCfg = Debug|Any CPU
		{6232E9A7-5C7C-4F41-A7C9-28B2A4AECDBC}.Debug|Any CPU.Build.0 = Debug|Any CPU
		{6232E9A7-5C7C-4F41-A7C9-28B2A4AECDBC}.Release|Any CPU.ActiveCfg = Release|Any CPU
		{6232E9A7-5C7C-4F41-A7C9-28B2A4AECDBC}.Release|Any CPU.Build.0 = Release|Any CPU
		{B617E745-0E1B-4A36-AF93-A4716FC354D7}.Debug|Any CPU.ActiveCfg = Debug|Any CPU
		{B617E745-0E1B-4A36-AF93-A4716FC354D7}.Debug|Any CPU.Build.0 = Debug|Any CPU
		{B617E745-0E1B-4A36-AF93-A4716FC354D7}.Release|Any CPU.ActiveCfg = Release|Any CPU
		{B617E745-0E1B-4A36-AF93-A4716FC354D7}.Release|Any CPU.Build.0 = Release|Any CPU
	EndGlobalSection
	GlobalSection(SolutionProperties) = preSolution
		HideSolutionNode = FALSE
	EndGlobalSection
	GlobalSection(ExtensibilityGlobals) = postSolution
		SolutionGuid = {21D0A1D5-4232-4BDE-BF2F-7FBB9AF51E97}
	EndGlobalSection
EndGlobal
