
Microsoft Visual Studio Solution File, Format Version 12.00
# Visual Studio Version 17
VisualStudioVersion = 17.4.33213.308
MinimumVisualStudioVersion = 10.0.40219.1
Project("{FAE04EC0-301F-11D3-BF4B-00C04F79EFBC}") = "MorseCodeApp", "MorseCodeApp\MorseCodeApp.csproj", "{87819E42-B2C2-450C-8934-E779794150C5}"
EndProject
Project("{FAE04EC0-301F-11D3-BF4B-00C04F79EFBC}") = "MorseCode", "MorseCode\MorseCode.csproj", "{BEEE9E24-A5F4-45D8-A512-11D34775E06A}"
EndProject
Project("{FAE04EC0-301F-11D3-BF4B-00C04F79EFBC}") = "MorseCode.Contracts", "MorseCode.Contracts\MorseCode.Contracts.csproj", "{4AFEF286-B5BB-4B86-970F-347A834FEA13}"
EndProject
Global
	GlobalSection(SolutionConfigurationPlatforms) = preSolution
		Debug|Any CPU = Debug|Any CPU
		Release|Any CPU = Release|Any CPU
	EndGlobalSection
	GlobalSection(ProjectConfigurationPlatforms) = postSolution
		{87819E42-B2C2-450C-8934-E779794150C5}.Debug|Any CPU.ActiveCfg = Debug|Any CPU
		{87819E42-B2C2-450C-8934-E779794150C5}.Debug|Any CPU.Build.0 = Debug|Any CPU
		{87819E42-B2C2-450C-8934-E779794150C5}.Release|Any CPU.ActiveCfg = Release|Any CPU
		{87819E42-B2C2-450C-8934-E779794150C5}.Release|Any CPU.Build.0 = Release|Any CPU
		{BEEE9E24-A5F4-45D8-A512-11D34775E06A}.Debug|Any CPU.ActiveCfg = Debug|Any CPU
		{BEEE9E24-A5F4-45D8-A512-11D34775E06A}.Debug|Any CPU.Build.0 = Debug|Any CPU
		{BEEE9E24-A5F4-45D8-A512-11D34775E06A}.Release|Any CPU.ActiveCfg = Release|Any CPU
		{BEEE9E24-A5F4-45D8-A512-11D34775E06A}.Release|Any CPU.Build.0 = Release|Any CPU
		{4AFEF286-B5BB-4B86-970F-347A834FEA13}.Debug|Any CPU.ActiveCfg = Debug|Any CPU
		{4AFEF286-B5BB-4B86-970F-347A834FEA13}.Debug|Any CPU.Build.0 = Debug|Any CPU
		{4AFEF286-B5BB-4B86-970F-347A834FEA13}.Release|Any CPU.ActiveCfg = Release|Any CPU
		{4AFEF286-B5BB-4B86-970F-347A834FEA13}.Release|Any CPU.Build.0 = Release|Any CPU
	EndGlobalSection
	GlobalSection(SolutionProperties) = preSolution
		HideSolutionNode = FALSE
	EndGlobalSection
	GlobalSection(ExtensibilityGlobals) = postSolution
		SolutionGuid = {DEE8ADA5-5E8E-45E1-9778-C9366EB110FC}
	EndGlobalSection
EndGlobal
