
Microsoft Visual Studio Solution File, Format Version 12.00
# Visual Studio Version 17
VisualStudioVersion = 17.4.33213.308
MinimumVisualStudioVersion = 10.0.40219.1
Project("{9A19103F-16F7-4668-BE54-9A1E7A4F7556}") = "CharacterSplitApp", "CharacterSplitApp\CharacterSplitApp.csproj", "{E33818BA-C75B-4DA3-BECF-6CDEE6377DCD}"
EndProject
Project("{9A19103F-16F7-4668-BE54-9A1E7A4F7556}") = "CharacterSplit.Contracts", "CharacterSplit.Contracts\CharacterSplit.Contracts.csproj", "{64E5E39A-1599-4E51-9259-4299DC8527E6}"
EndProject
Project("{9A19103F-16F7-4668-BE54-9A1E7A4F7556}") = "CharacterSplit", "CharacterSplit\CharacterSplit.csproj", "{C1EACECE-CF4D-41BD-8248-713C414C8A8F}"
EndProject
Project("{9A19103F-16F7-4668-BE54-9A1E7A4F7556}") = "CharacterSplit.Tests", "CharacterSplit.Tests\CharacterSplit.Tests.csproj", "{BDB55B39-26E5-4A2F-A28B-069DBD6D4A55}"
EndProject
Project("{FAE04EC0-301F-11D3-BF4B-00C04F79EFBC}") = "CodelutionXUnitTestFramework", "CodelutionXUnitTestFramework\CodelutionXUnitTestFramework.csproj", "{CF15714C-7B62-4734-B950-101788922D7F}"
EndProject
Global
	GlobalSection(SolutionConfigurationPlatforms) = preSolution
		Debug|Any CPU = Debug|Any CPU
		Release|Any CPU = Release|Any CPU
	EndGlobalSection
	GlobalSection(ProjectConfigurationPlatforms) = postSolution
		{E33818BA-C75B-4DA3-BECF-6CDEE6377DCD}.Debug|Any CPU.ActiveCfg = Debug|Any CPU
		{E33818BA-C75B-4DA3-BECF-6CDEE6377DCD}.Debug|Any CPU.Build.0 = Debug|Any CPU
		{E33818BA-C75B-4DA3-BECF-6CDEE6377DCD}.Release|Any CPU.ActiveCfg = Release|Any CPU
		{E33818BA-C75B-4DA3-BECF-6CDEE6377DCD}.Release|Any CPU.Build.0 = Release|Any CPU
		{64E5E39A-1599-4E51-9259-4299DC8527E6}.Debug|Any CPU.ActiveCfg = Debug|Any CPU
		{64E5E39A-1599-4E51-9259-4299DC8527E6}.Debug|Any CPU.Build.0 = Debug|Any CPU
		{64E5E39A-1599-4E51-9259-4299DC8527E6}.Release|Any CPU.ActiveCfg = Release|Any CPU
		{64E5E39A-1599-4E51-9259-4299DC8527E6}.Release|Any CPU.Build.0 = Release|Any CPU
		{C1EACECE-CF4D-41BD-8248-713C414C8A8F}.Debug|Any CPU.ActiveCfg = Debug|Any CPU
		{C1EACECE-CF4D-41BD-8248-713C414C8A8F}.Debug|Any CPU.Build.0 = Debug|Any CPU
		{C1EACECE-CF4D-41BD-8248-713C414C8A8F}.Release|Any CPU.ActiveCfg = Release|Any CPU
		{C1EACECE-CF4D-41BD-8248-713C414C8A8F}.Release|Any CPU.Build.0 = Release|Any CPU
		{BDB55B39-26E5-4A2F-A28B-069DBD6D4A55}.Debug|Any CPU.ActiveCfg = Debug|Any CPU
		{BDB55B39-26E5-4A2F-A28B-069DBD6D4A55}.Debug|Any CPU.Build.0 = Debug|Any CPU
		{BDB55B39-26E5-4A2F-A28B-069DBD6D4A55}.Release|Any CPU.ActiveCfg = Release|Any CPU
		{BDB55B39-26E5-4A2F-A28B-069DBD6D4A55}.Release|Any CPU.Build.0 = Release|Any CPU
		{CF15714C-7B62-4734-B950-101788922D7F}.Debug|Any CPU.ActiveCfg = Debug|Any CPU
		{CF15714C-7B62-4734-B950-101788922D7F}.Debug|Any CPU.Build.0 = Debug|Any CPU
		{CF15714C-7B62-4734-B950-101788922D7F}.Release|Any CPU.ActiveCfg = Release|Any CPU
		{CF15714C-7B62-4734-B950-101788922D7F}.Release|Any CPU.Build.0 = Release|Any CPU
	EndGlobalSection
	GlobalSection(SolutionProperties) = preSolution
		HideSolutionNode = FALSE
	EndGlobalSection
	GlobalSection(ExtensibilityGlobals) = postSolution
		SolutionGuid = {042A478B-700C-474F-A8E8-AC7823F94063}
	EndGlobalSection
EndGlobal
